lockfileVersion: '9.0'

settings:
  autoInstallPeers: true
  excludeLinksFromLockfile: false

importers:

  .:
    dependencies:
      '@capacitor/core':
        specifier: ^8.5.0
        version: 8.5.0
      '@capacitor/preferences':
        specifier: ^8.0.1
        version: 8.0.1(@capacitor/core@8.5.0)

packages:

  '@capacitor/core@8.5.0':
    resolution: {integrity: sha512-Ca4krtqH1hothjtBIwf2J2TW7IhYq1ujp8QeItTiJohNsqij8ja2DYYH3DU0l8RmxCWaBAFTGA2TgOgOMCSNsQ==}

  '@capacitor/preferences@8.0.1':
    resolution: {integrity: sha512-T6no3ebi79XJCk91U3Jp/liJUwgBdvHR+s6vhvPkPxSuch7z3zx5Rv1bdWM6sWruNx+pViuEGqZvbfCdyBvcHQ==}
    peerDependencies:
      '@capacitor/core': '>=8.0.0'

  tslib@2.8.1:
    resolution: {integrity: sha512-oJFu94HQb+KVduSUQL7wnpmqnfmLsOA/nAh6b6EH0wCEoK0/mPeXU6c3wKDV83MkOuHPRHtSXKKU99IBazS/2w==}

snapshots:

  '@capacitor/core@8.5.0':
    dependencies:
      tslib: 2.8.1

  '@capacitor/preferences@8.0.1(@capacitor/core@8.5.0)':
    dependencies:
      '@capacitor/core': 8.5.0

  tslib@2.8.1: {}
